
Microsoft Visual Studio Solution File, Format Version 12.00
# Visual Studio Version 17
VisualStudioVersion = 17.3.32825.248
MinimumVisualStudioVersion = 10.0.40219.1
Project("{FAE04EC0-301F-11D3-BF4B-00C04F79EFBC}") = "PraxisProjekt-FahrradVerwaltung", "PraxisProjekt-FahrradVerwaltung\PraxisProjekt-FahrradVerwaltung.csproj", "{1F30DC29-EF0F-455B-B0DC-D95F880C98C0}"
EndProject
Global
	GlobalSection(SolutionConfigurationPlatforms) = preSolution
		Debug|Any CPU = Debug|Any CPU
		Release|Any CPU = Release|Any CPU
	EndGlobalSection
	GlobalSection(ProjectConfigurationPlatforms) = postSolution
		{1F30DC29-EF0F-455B-B0DC-D95F880C98C0}.Debug|Any CPU.ActiveCfg = Debug|Any CPU
		{1F30DC29-EF0F-455B-B0DC-D95F880C98C0}.Debug|Any CPU.Build.0 = Debug|Any CPU
		{1F30DC29-EF0F-455B-B0DC-D95F880C98C0}.Release|Any CPU.ActiveCfg = Release|Any CPU
		{1F30DC29-EF0F-455B-B0DC-D95F880C98C0}.Release|Any CPU.Build.0 = Release|Any CPU
	EndGlobalSection
	GlobalSection(SolutionProperties) = preSolution
		HideSolutionNode = FALSE
	EndGlobalSection
	GlobalSection(ExtensibilityGlobals) = postSolution
		SolutionGuid = {0882D069-52F3-454E-9C5B-3E34A78097A0}
	EndGlobalSection
EndGlobal
